
Microsoft Visual Studio Solution File, Format Version 12.00
# Visual Studio Version 17
VisualStudioVersion = 17.7.34221.43
MinimumVisualStudioVersion = 10.0.40219.1
Project("{FAE04EC0-301F-11D3-BF4B-00C04F79EFBC}") = "Proect", "1)Libary\Proect.csproj", "{139BE263-9B05-4F92-9C3B-1C236280CE65}"
EndProject
Global
	GlobalSection(SolutionConfigurationPlatforms) = preSolution
		Debug|Any CPU = Debug|Any CPU
		Release|Any CPU = Release|Any CPU
	EndGlobalSection
	GlobalSection(ProjectConfigurationPlatforms) = postSolution
		{139BE263-9B05-4F92-9C3B-1C236280CE65}.Debug|Any CPU.ActiveCfg = Debug|Any CPU
		{139BE263-9B05-4F92-9C3B-1C236280CE65}.Debug|Any CPU.Build.0 = Debug|Any CPU
		{139BE263-9B05-4F92-9C3B-1C236280CE65}.Release|Any CPU.ActiveCfg = Release|Any CPU
		{139BE263-9B05-4F92-9C3B-1C236280CE65}.Release|Any CPU.Build.0 = Release|Any CPU
	EndGlobalSection
	GlobalSection(SolutionProperties) = preSolution
		HideSolutionNode = FALSE
	EndGlobalSection
	GlobalSection(ExtensibilityGlobals) = postSolution
		SolutionGuid = {0F23BF2F-77FF-4C76-84F5-1D2C8875AE55}
	EndGlobalSection
EndGlobal
